// !$*UTF8*$!
{
	archiveVersion = 1;
	classes = {
	};
	objectVersion = 56;
	objects = {

/* Begin PBXBuildFile section */
		040692522B13B4B100014930 /* FilteredImageModel.swift in Sources */ = {isa = PBXBuildFile; fileRef = 040692512B13B4B100014930 /* FilteredImageModel.swift */; };
		040710162B11FDAA00241D6E /* Editing_AppApp.swift in Sources */ = {isa = PBXBuildFile; fileRef = 040710152B11FDAA00241D6E /* Editing_AppApp.swift */; };
		040710182B11FE2800241D6E /* FiltersView.swift in Sources */ = {isa = PBXBuildFile; fileRef = 040710172B11FE2800241D6E /* FiltersView.swift */; };
		0407101A2B11FE2E00241D6E /* FilterThumbnailView.swift in Sources */ = {isa = PBXBuildFile; fileRef = 040710192B11FE2E00241D6E /* FilterThumbnailView.swift */; };
		0407101C2B12134D00241D6E /* FilterViewModel.swift in Sources */ = {isa = PBXBuildFile; fileRef = 0407101B2B12134D00241D6E /* FilterViewModel.swift */; };
		0407101F2B12181600241D6E /* Filters.swift in Sources */ = {isa = PBXBuildFile; fileRef = 0407101E2B12181600241D6E /* Filters.swift */; };
		040710212B12183000241D6E /* FilterProtocol.swift in Sources */ = {isa = PBXBuildFile; fileRef = 040710202B12183000241D6E /* FilterProtocol.swift */; };
		040710242B1218B700241D6E /* FilterManager.swift in Sources */ = {isa = PBXBuildFile; fileRef = 040710232B1218B700241D6E /* FilterManager.swift */; };
		801996A32B0F3B8500B9CA61 /* Shades.metal in Sources */ = {isa = PBXBuildFile; fileRef = 801996A22B0F3B8500B9CA61 /* Shades.metal */; };
		8BFC64DE2B0F1F4D001E5292 /* Assets.xcassets in Resources */ = {isa = PBXBuildFile; fileRef = 8BFC64DD2B0F1F4D001E5292 /* Assets.xcassets */; };
		8BFC64E12B0F1F4D001E5292 /* LaunchScreen.storyboard in Resources */ = {isa = PBXBuildFile; fileRef = 8BFC64DF2B0F1F4D001E5292 /* LaunchScreen.storyboard */; };
		8BFC64EC2B0F1F4D001E5292 /* NewAppTests.swift in Sources */ = {isa = PBXBuildFile; fileRef = 8BFC64EB2B0F1F4D001E5292 /* NewAppTests.swift */; };
		8BFC64F62B0F1F4D001E5292 /* NewAppUITests.swift in Sources */ = {isa = PBXBuildFile; fileRef = 8BFC64F52B0F1F4D001E5292 /* NewAppUITests.swift */; };
		8BFC64F82B0F1F4D001E5292 /* NewAppUITestsLaunchTests.swift in Sources */ = {isa = PBXBuildFile; fileRef = 8BFC64F72B0F1F4D001E5292 /* NewAppUITestsLaunchTests.swift */; };
		8BFC65052B0F1F59001E5292 /* MetalFilterProcessor.swift in Sources */ = {isa = PBXBuildFile; fileRef = 8BFC65042B0F1F59001E5292 /* MetalFilterProcessor.swift */; };
/* End PBXBuildFile section */

/* Begin PBXContainerItemProxy section */
		8BFC64E82B0F1F4D001E5292 /* PBXContainerItemProxy */ = {
			isa = PBXContainerItemProxy;
			containerPortal = 8BFC64C92B0F1F4C001E5292 /* Project object */;
			proxyType = 1;
			remoteGlobalIDString = 8BFC64D02B0F1F4C001E5292;
			remoteInfo = NewApp;
		};
		8BFC64F22B0F1F4D001E5292 /* PBXContainerItemProxy */ = {
			isa = PBXContainerItemProxy;
			containerPortal = 8BFC64C92B0F1F4C001E5292 /* Project object */;
			proxyType = 1;
			remoteGlobalIDString = 8BFC64D02B0F1F4C001E5292;
			remoteInfo = NewApp;
		};
/* End PBXContainerItemProxy section */

/* Begin PBXFileReference section */
		040692512B13B4B100014930 /* FilteredImageModel.swift */ = {isa = PBXFileReference; lastKnownFileType = sourcecode.swift; path = FilteredImageModel.swift; sourceTree = "<group>"; };
		040710152B11FDAA00241D6E /* Editing_AppApp.swift */ = {isa = PBXFileReference; fileEncoding = 4; lastKnownFileType = sourcecode.swift; name = Editing_AppApp.swift; path = NewApp/Editing_AppApp.swift; sourceTree = SOURCE_ROOT; };
		040710172B11FE2800241D6E /* FiltersView.swift */ = {isa = PBXFileReference; lastKnownFileType = sourcecode.swift; path = FiltersView.swift; sourceTree = "<group>"; };
		040710192B11FE2E00241D6E /* FilterThumbnailView.swift */ = {isa = PBXFileReference; fileEncoding = 4; lastKnownFileType = sourcecode.swift; path = FilterThumbnailView.swift; sourceTree = "<group>"; };
		0407101B2B12134D00241D6E /* FilterViewModel.swift */ = {isa = PBXFileReference; lastKnownFileType = sourcecode.swift; path = FilterViewModel.swift; sourceTree = "<group>"; };
		0407101E2B12181600241D6E /* Filters.swift */ = {isa = PBXFileReference; lastKnownFileType = sourcecode.swift; path = Filters.swift; sourceTree = "<group>"; };
		040710202B12183000241D6E /* FilterProtocol.swift */ = {isa = PBXFileReference; lastKnownFileType = sourcecode.swift; path = FilterProtocol.swift; sourceTree = "<group>"; };
		040710232B1218B700241D6E /* FilterManager.swift */ = {isa = PBXFileReference; lastKnownFileType = sourcecode.swift; path = FilterManager.swift; sourceTree = "<group>"; };
		801996A22B0F3B8500B9CA61 /* Shades.metal */ = {isa = PBXFileReference; lastKnownFileType = sourcecode.metal; path = Shades.metal; sourceTree = "<group>"; };
		8BFC64D12B0F1F4C001E5292 /* NewApp.app */ = {isa = PBXFileReference; explicitFileType = wrapper.application; includeInIndex = 0; path = NewApp.app; sourceTree = BUILT_PRODUCTS_DIR; };
		8BFC64DD2B0F1F4D001E5292 /* Assets.xcassets */ = {isa = PBXFileReference; lastKnownFileType = folder.assetcatalog; path = Assets.xcassets; sourceTree = "<group>"; };
		8BFC64E02B0F1F4D001E5292 /* Base */ = {isa = PBXFileReference; lastKnownFileType = file.storyboard; name = Base; path = Base.lproj/LaunchScreen.storyboard; sourceTree = "<group>"; };
		8BFC64E22B0F1F4D001E5292 /* Info.plist */ = {isa = PBXFileReference; lastKnownFileType = text.plist.xml; path = Info.plist; sourceTree = "<group>"; };
		8BFC64E72B0F1F4D001E5292 /* NewAppTests.xctest */ = {isa = PBXFileReference; explicitFileType = wrapper.cfbundle; includeInIndex = 0; path = NewAppTests.xctest; sourceTree = BUILT_PRODUCTS_DIR; };
		8BFC64EB2B0F1F4D001E5292 /* NewAppTests.swift */ = {isa = PBXFileReference; lastKnownFileType = sourcecode.swift; path = NewAppTests.swift; sourceTree = "<group>"; };
		8BFC64F12B0F1F4D001E5292 /* NewAppUITests.xctest */ = {isa = PBXFileReference; explicitFileType = wrapper.cfbundle; includeInIndex = 0; path = NewAppUITests.xctest; sourceTree = BUILT_PRODUCTS_DIR; };
		8BFC64F52B0F1F4D001E5292 /* NewAppUITests.swift */ = {isa = PBXFileReference; lastKnownFileType = sourcecode.swift; path = NewAppUITests.swift; sourceTree = "<group>"; };
		8BFC64F72B0F1F4D001E5292 /* NewAppUITestsLaunchTests.swift */ = {isa = PBXFileReference; lastKnownFileType = sourcecode.swift; path = NewAppUITestsLaunchTests.swift; sourceTree = "<group>"; };
		8BFC65042B0F1F59001E5292 /* MetalFilterProcessor.swift */ = {isa = PBXFileReference; lastKnownFileType = sourcecode.swift; path = MetalFilterProcessor.swift; sourceTree = "<group>"; };
/* End PBXFileReference section */

/* Begin PBXFrameworksBuildPhase section */
		8BFC64CE2B0F1F4C001E5292 /* Frameworks */ = {
			isa = PBXFrameworksBuildPhase;
			buildActionMask = 2147483647;
			files = (
			);
			runOnlyForDeploymentPostprocessing = 0;
		};
		8BFC64E42B0F1F4D001E5292 /* Frameworks */ = {
			isa = PBXFrameworksBuildPhase;
			buildActionMask = 2147483647;
			files = (
			);
			runOnlyForDeploymentPostprocessing = 0;
		};
		8BFC64EE2B0F1F4D001E5292 /* Frameworks */ = {
			isa = PBXFrameworksBuildPhase;
			buildActionMask = 2147483647;
			files = (
			);
			runOnlyForDeploymentPostprocessing = 0;
		};
/* End PBXFrameworksBuildPhase section */

/* Begin PBXGroup section */
		040692502B13B49000014930 /* Models */ = {
			isa = PBXGroup;
			children = (
				040692512B13B4B100014930 /* FilteredImageModel.swift */,
			);
			path = Models;
			sourceTree = "<group>";
		};
		0407101D2B1217F500241D6E /* Filters */ = {
			isa = PBXGroup;
			children = (
				040710202B12183000241D6E /* FilterProtocol.swift */,
				0407101E2B12181600241D6E /* Filters.swift */,
			);
			path = Filters;
			sourceTree = "<group>";
		};
		040710222B12188F00241D6E /* Managers */ = {
			isa = PBXGroup;
			children = (
				8BFC65042B0F1F59001E5292 /* MetalFilterProcessor.swift */,
				040710232B1218B700241D6E /* FilterManager.swift */,
			);
			path = Managers;
			sourceTree = "<group>";
		};
		040710252B12257100241D6E /* FilterScreen */ = {
			isa = PBXGroup;
			children = (
				040710172B11FE2800241D6E /* FiltersView.swift */,
				0407101B2B12134D00241D6E /* FilterViewModel.swift */,
				040710192B11FE2E00241D6E /* FilterThumbnailView.swift */,
			);
			path = FilterScreen;
			sourceTree = "<group>";
		};
		8BFC64C82B0F1F4C001E5292 = {
			isa = PBXGroup;
			children = (
				8BFC64D32B0F1F4C001E5292 /* NewApp */,
				8BFC64EA2B0F1F4D001E5292 /* NewAppTests */,
				8BFC64F42B0F1F4D001E5292 /* NewAppUITests */,
				8BFC64D22B0F1F4C001E5292 /* Products */,
			);
			sourceTree = "<group>";
		};
		8BFC64D22B0F1F4C001E5292 /* Products */ = {
			isa = PBXGroup;
			children = (
				8BFC64D12B0F1F4C001E5292 /* NewApp.app */,
				8BFC64E72B0F1F4D001E5292 /* NewAppTests.xctest */,
				8BFC64F12B0F1F4D001E5292 /* NewAppUITests.xctest */,
			);
			name = Products;
			sourceTree = "<group>";
		};
		8BFC64D32B0F1F4C001E5292 /* NewApp */ = {
			isa = PBXGroup;
			children = (
				040710152B11FDAA00241D6E /* Editing_AppApp.swift */,
				040710252B12257100241D6E /* FilterScreen */,
				040710222B12188F00241D6E /* Managers */,
				040692502B13B49000014930 /* Models */,
				0407101D2B1217F500241D6E /* Filters */,
				801996A22B0F3B8500B9CA61 /* Shades.metal */,
				8BFC64DD2B0F1F4D001E5292 /* Assets.xcassets */,
				8BFC64DF2B0F1F4D001E5292 /* LaunchScreen.storyboard */,
				8BFC64E22B0F1F4D001E5292 /* Info.plist */,
			);
			path = NewApp;
			sourceTree = "<group>";
		};
		8BFC64EA2B0F1F4D001E5292 /* NewAppTests */ = {
			isa = PBXGroup;
			children = (
				8BFC64EB2B0F1F4D001E5292 /* NewAppTests.swift */,
			);
			path = NewAppTests;
			sourceTree = "<group>";
		};
		8BFC64F42B0F1F4D001E5292 /* NewAppUITests */ = {
			isa = PBXGroup;
			children = (
				8BFC64F52B0F1F4D001E5292 /* NewAppUITests.swift */,
				8BFC64F72B0F1F4D001E5292 /* NewAppUITestsLaunchTests.swift */,
			);
			path = NewAppUITests;
			sourceTree = "<group>";
		};
/* End PBXGroup section */

/* Begin PBXNativeTarget section */
		8BFC64D02B0F1F4C001E5292 /* NewApp */ = {
			isa = PBXNativeTarget;
			buildConfigurationList = 8BFC64FB2B0F1F4D001E5292 /* Build configuration list for PBXNativeTarget "NewApp" */;
			buildPhases = (
				8BFC64CD2B0F1F4C001E5292 /* Sources */,
				8BFC64CE2B0F1F4C001E5292 /* Frameworks */,
				8BFC64CF2B0F1F4C001E5292 /* Resources */,
			);
			buildRules = (
			);
			dependencies = (
			);
			name = NewApp;
			productName = NewApp;
			productReference = 8BFC64D12B0F1F4C001E5292 /* NewApp.app */;
			productType = "com.apple.product-type.application";
		};
		8BFC64E62B0F1F4D001E5292 /* NewAppTests */ = {
			isa = PBXNativeTarget;
			buildConfigurationList = 8BFC64FE2B0F1F4D001E5292 /* Build configuration list for PBXNativeTarget "NewAppTests" */;
			buildPhases = (
				8BFC64E32B0F1F4D001E5292 /* Sources */,
				8BFC64E42B0F1F4D001E5292 /* Frameworks */,
				8BFC64E52B0F1F4D001E5292 /* Resources */,
			);
			buildRules = (
			);
			dependencies = (
				8BFC64E92B0F1F4D001E5292 /* PBXTargetDependency */,
			);
			name = NewAppTests;
			productName = NewAppTests;
			productReference = 8BFC64E72B0F1F4D001E5292 /* NewAppTests.xctest */;
			productType = "com.apple.product-type.bundle.unit-test";
		};
		8BFC64F02B0F1F4D001E5292 /* NewAppUITests */ = {
			isa = PBXNativeTarget;
			buildConfigurationList = 8BFC65012B0F1F4D001E5292 /* Build configuration list for PBXNativeTarget "NewAppUITests" */;
			buildPhases = (
				8BFC64ED2B0F1F4D001E5292 /* Sources */,
				8BFC64EE2B0F1F4D001E5292 /* Frameworks */,
				8BFC64EF2B0F1F4D001E5292 /* Resources */,
			);
			buildRules = (
			);
			dependencies = (
				8BFC64F32B0F1F4D001E5292 /* PBXTargetDependency */,
			);
			name = NewAppUITests;
			productName = NewAppUITests;
			productReference = 8BFC64F12B0F1F4D001E5292 /* NewAppUITests.xctest */;
			productType = "com.apple.product-type.bundle.ui-testing";
		};
/* End PBXNativeTarget section */

/* Begin PBXProject section */
		8BFC64C92B0F1F4C001E5292 /* Project object */ = {
			isa = PBXProject;
			attributes = {
				BuildIndependentTargetsInParallel = 1;
				LastSwiftUpdateCheck = 1420;
				LastUpgradeCheck = 1420;
				TargetAttributes = {
					8BFC64D02B0F1F4C001E5292 = {
						CreatedOnToolsVersion = 14.2;
					};
					8BFC64E62B0F1F4D001E5292 = {
						CreatedOnToolsVersion = 14.2;
						TestTargetID = 8BFC64D02B0F1F4C001E5292;
					};
					8BFC64F02B0F1F4D001E5292 = {
						CreatedOnToolsVersion = 14.2;
						TestTargetID = 8BFC64D02B0F1F4C001E5292;
					};
				};
			};
			buildConfigurationList = 8BFC64CC2B0F1F4C001E5292 /* Build configuration list for PBXProject "NewApp" */;
			compatibilityVersion = "Xcode 14.0";
			developmentRegion = en;
			hasScannedForEncodings = 0;
			knownRegions = (
				en,
				Base,
			);
			mainGroup = 8BFC64C82B0F1F4C001E5292;
			productRefGroup = 8BFC64D22B0F1F4C001E5292 /* Products */;
			projectDirPath = "";
			projectRoot = "";
			targets = (
				8BFC64D02B0F1F4C001E5292 /* NewApp */,
				8BFC64E62B0F1F4D001E5292 /* NewAppTests */,
				8BFC64F02B0F1F4D001E5292 /* NewAppUITests */,
			);
		};
/* End PBXProject section */

/* Begin PBXResourcesBuildPhase section */
		8BFC64CF2B0F1F4C001E5292 /* Resources */ = {
			isa = PBXResourcesBuildPhase;
			buildActionMask = 2147483647;
			files = (
				8BFC64E12B0F1F4D001E5292 /* LaunchScreen.storyboard in Resources */,
				8BFC64DE2B0F1F4D001E5292 /* Assets.xcassets in Resources */,
			);
			runOnlyForDeploymentPostprocessing = 0;
		};
		8BFC64E52B0F1F4D001E5292 /* Resources */ = {
			isa = PBXResourcesBuildPhase;
			buildActionMask = 2147483647;
			files = (
			);
			runOnlyForDeploymentPostprocessing = 0;
		};
		8BFC64EF2B0F1F4D001E5292 /* Resources */ = {
			isa = PBXResourcesBuildPhase;
			buildActionMask = 2147483647;
			files = (
			);
			runOnlyForDeploymentPostprocessing = 0;
		};
/* End PBXResourcesBuildPhase section */

/* Begin PBXSourcesBuildPhase section */
		8BFC64CD2B0F1F4C001E5292 /* Sources */ = {
			isa = PBXSourcesBuildPhase;
			buildActionMask = 2147483647;
			files = (
				0407101F2B12181600241D6E /* Filters.swift in Sources */,
				0407101C2B12134D00241D6E /* FilterViewModel.swift in Sources */,
				040710212B12183000241D6E /* FilterProtocol.swift in Sources */,
				0407101A2B11FE2E00241D6E /* FilterThumbnailView.swift in Sources */,
				8BFC65052B0F1F59001E5292 /* MetalFilterProcessor.swift in Sources */,
				040710182B11FE2800241D6E /* FiltersView.swift in Sources */,
				801996A32B0F3B8500B9CA61 /* Shades.metal in Sources */,
				040710162B11FDAA00241D6E /* Editing_AppApp.swift in Sources */,
				040692522B13B4B100014930 /* FilteredImageModel.swift in Sources */,
				040710242B1218B700241D6E /* FilterManager.swift in Sources */,
			);
			runOnlyForDeploymentPostprocessing = 0;
		};
		8BFC64E32B0F1F4D001E5292 /* Sources */ = {
			isa = PBXSourcesBuildPhase;
			buildActionMask = 2147483647;
			files = (
				8BFC64EC2B0F1F4D001E5292 /* NewAppTests.swift in Sources */,
			);
			runOnlyForDeploymentPostprocessing = 0;
		};
		8BFC64ED2B0F1F4D001E5292 /* Sources */ = {
			isa = PBXSourcesBuildPhase;
			buildActionMask = 2147483647;
			files = (
				8BFC64F62B0F1F4D001E5292 /* NewAppUITests.swift in Sources */,
				8BFC64F82B0F1F4D001E5292 /* NewAppUITestsLaunchTests.swift in Sources */,
			);
			runOnlyForDeploymentPostprocessing = 0;
		};
/* End PBXSourcesBuildPhase section */

/* Begin PBXTargetDependency section */
		8BFC64E92B0F1F4D001E5292 /* PBXTargetDependency */ = {
			isa = PBXTargetDependency;
			target = 8BFC64D02B0F1F4C001E5292 /* NewApp */;
			targetProxy = 8BFC64E82B0F1F4D001E5292 /* PBXContainerItemProxy */;
		};
		8BFC64F32B0F1F4D001E5292 /* PBXTargetDependency */ = {
			isa = PBXTargetDependency;
			target = 8BFC64D02B0F1F4C001E5292 /* NewApp */;
			targetProxy = 8BFC64F22B0F1F4D001E5292 /* PBXContainerItemProxy */;
		};
/* End PBXTargetDependency section */

/* Begin PBXVariantGroup section */
		8BFC64DF2B0F1F4D001E5292 /* LaunchScreen.storyboard */ = {
			isa = PBXVariantGroup;
			children = (
				8BFC64E02B0F1F4D001E5292 /* Base */,
			);
			name = LaunchScreen.storyboard;
			sourceTree = "<group>";
		};
/* End PBXVariantGroup section */

/* Begin XCBuildConfiguration section */
		8BFC64F92B0F1F4D001E5292 /* Debug */ = {
			isa = XCBuildConfiguration;
			buildSettings = {
				ALWAYS_SEARCH_USER_PATHS = NO;
				CLANG_ANALYZER_NONNULL = YES;
				CLANG_ANALYZER_NUMBER_OBJECT_CONVERSION = YES_AGGRESSIVE;
				CLANG_CXX_LANGUAGE_STANDARD = "gnu++20";
				CLANG_ENABLE_MODULES = YES;
				CLANG_ENABLE_OBJC_ARC = YES;
				CLANG_ENABLE_OBJC_WEAK = YES;
				CLANG_WARN_BLOCK_CAPTURE_AUTORELEASING = YES;
				CLANG_WARN_BOOL_CONVERSION = YES;
				CLANG_WARN_COMMA = YES;
				CLANG_WARN_CONSTANT_CONVERSION = YES;
				CLANG_WARN_DEPRECATED_OBJC_IMPLEMENTATIONS = YES;
				CLANG_WARN_DIRECT_OBJC_ISA_USAGE = YES_ERROR;
				CLANG_WARN_DOCUMENTATION_COMMENTS = YES;
				CLANG_WARN_EMPTY_BODY = YES;
				CLANG_WARN_ENUM_CONVERSION = YES;
				CLANG_WARN_INFINITE_RECURSION = YES;
				CLANG_WARN_INT_CONVERSION = YES;
				CLANG_WARN_NON_LITERAL_NULL_CONVERSION = YES;
				CLANG_WARN_OBJC_IMPLICIT_RETAIN_SELF = YES;
				CLANG_WARN_OBJC_LITERAL_CONVERSION = YES;
				CLANG_WARN_OBJC_ROOT_CLASS = YES_ERROR;
				CLANG_WARN_QUOTED_INCLUDE_IN_FRAMEWORK_HEADER = YES;
				CLANG_WARN_RANGE_LOOP_ANALYSIS = YES;
				CLANG_WARN_STRICT_PROTOTYPES = YES;
				CLANG_WARN_SUSPICIOUS_MOVE = YES;
				CLANG_WARN_UNGUARDED_AVAILABILITY = YES_AGGRESSIVE;
				CLANG_WARN_UNREACHABLE_CODE = YES;
				CLANG_WARN__DUPLICATE_METHOD_MATCH = YES;
				COPY_PHASE_STRIP = NO;
				DEBUG_INFORMATION_FORMAT = dwarf;
				ENABLE_STRICT_OBJC_MSGSEND = YES;
				ENABLE_TESTABILITY = YES;
				GCC_C_LANGUAGE_STANDARD = gnu11;
				GCC_DYNAMIC_NO_PIC = NO;
				GCC_NO_COMMON_BLOCKS = YES;
				GCC_OPTIMIZATION_LEVEL = 0;
				GCC_PREPROCESSOR_DEFINITIONS = (
					"DEBUG=1",
					"$(inherited)",
				);
				GCC_WARN_64_TO_32_BIT_CONVERSION = YES;
				GCC_WARN_ABOUT_RETURN_TYPE = YES_ERROR;
				GCC_WARN_UNDECLARED_SELECTOR = YES;
				GCC_WARN_UNINITIALIZED_AUTOS = YES_AGGRESSIVE;
				GCC_WARN_UNUSED_FUNCTION = YES;
				GCC_WARN_UNUSED_VARIABLE = YES;
				IPHONEOS_DEPLOYMENT_TARGET = 16.2;
				MTL_ENABLE_DEBUG_INFO = INCLUDE_SOURCE;
				MTL_FAST_MATH = YES;
				ONLY_ACTIVE_ARCH = YES;
				SDKROOT = iphoneos;
				SWIFT_ACTIVE_COMPILATION_CONDITIONS = DEBUG;
				SWIFT_OPTIMIZATION_LEVEL = "-Onone";
			};
			name = Debug;
		};
		8BFC64FA2B0F1F4D001E5292 /* Release */ = {
			isa = XCBuildConfiguration;
			buildSettings = {
				ALWAYS_SEARCH_USER_PATHS = NO;
				CLANG_ANALYZER_NONNULL = YES;
				CLANG_ANALYZER_NUMBER_OBJECT_CONVERSION = YES_AGGRESSIVE;
				CLANG_CXX_LANGUAGE_STANDARD = "gnu++20";
				CLANG_ENABLE_MODULES = YES;
				CLANG_ENABLE_OBJC_ARC = YES;
				CLANG_ENABLE_OBJC_WEAK = YES;
				CLANG_WARN_BLOCK_CAPTURE_AUTORELEASING = YES;
				CLANG_WARN_BOOL_CONVERSION = YES;
				CLANG_WARN_COMMA = YES;
				CLANG_WARN_CONSTANT_CONVERSION = YES;
				CLANG_WARN_DEPRECATED_OBJC_IMPLEMENTATIONS = YES;
				CLANG_WARN_DIRECT_OBJC_ISA_USAGE = YES_ERROR;
				CLANG_WARN_DOCUMENTATION_COMMENTS = YES;
				CLANG_WARN_EMPTY_BODY = YES;
				CLANG_WARN_ENUM_CONVERSION = YES;
				CLANG_WARN_INFINITE_RECURSION = YES;
				CLANG_WARN_INT_CONVERSION = YES;
				CLANG_WARN_NON_LITERAL_NULL_CONVERSION = YES;
				CLANG_WARN_OBJC_IMPLICIT_RETAIN_SELF = YES;
				CLANG_WARN_OBJC_LITERAL_CONVERSION = YES;
				CLANG_WARN_OBJC_ROOT_CLASS = YES_ERROR;
				CLANG_WARN_QUOTED_INCLUDE_IN_FRAMEWORK_HEADER = YES;
				CLANG_WARN_RANGE_LOOP_ANALYSIS = YES;
				CLANG_WARN_STRICT_PROTOTYPES = YES;
				CLANG_WARN_SUSPICIOUS_MOVE = YES;
				CLANG_WARN_UNGUARDED_AVAILABILITY = YES_AGGRESSIVE;
				CLANG_WARN_UNREACHABLE_CODE = YES;
				CLANG_WARN__DUPLICATE_METHOD_MATCH = YES;
				COPY_PHASE_STRIP = NO;
				DEBUG_INFORMATION_FORMAT = "dwarf-with-dsym";
				ENABLE_NS_ASSERTIONS = NO;
				ENABLE_STRICT_OBJC_MSGSEND = YES;
				GCC_C_LANGUAGE_STANDARD = gnu11;
				GCC_NO_COMMON_BLOCKS = YES;
				GCC_WARN_64_TO_32_BIT_CONVERSION = YES;
				GCC_WARN_ABOUT_RETURN_TYPE = YES_ERROR;
				GCC_WARN_UNDECLARED_SELECTOR = YES;
				GCC_WARN_UNINITIALIZED_AUTOS = YES_AGGRESSIVE;
				GCC_WARN_UNUSED_FUNCTION = YES;
				GCC_WARN_UNUSED_VARIABLE = YES;
				IPHONEOS_DEPLOYMENT_TARGET = 16.2;
				MTL_ENABLE_DEBUG_INFO = NO;
				MTL_FAST_MATH = YES;
				SDKROOT = iphoneos;
				SWIFT_COMPILATION_MODE = wholemodule;
				SWIFT_OPTIMIZATION_LEVEL = "-O";
				VALIDATE_PRODUCT = YES;
			};
			name = Release;
		};
		8BFC64FC2B0F1F4D001E5292 /* Debug */ = {
			isa = XCBuildConfiguration;
			buildSettings = {
				ASSETCATALOG_COMPILER_APPICON_NAME = AppIcon;
				ASSETCATALOG_COMPILER_GLOBAL_ACCENT_COLOR_NAME = AccentColor;
				CODE_SIGN_STYLE = Automatic;
				CURRENT_PROJECT_VERSION = 1;
				DEVELOPMENT_TEAM = QH2M5GD5M5;
				GENERATE_INFOPLIST_FILE = YES;
				INFOPLIST_FILE = NewApp/Info.plist;
				INFOPLIST_KEY_UIApplicationSupportsIndirectInputEvents = YES;
				INFOPLIST_KEY_UILaunchStoryboardName = LaunchScreen;
				INFOPLIST_KEY_UIMainStoryboardFile = Main;
				INFOPLIST_KEY_UISupportedInterfaceOrientations_iPad = "UIInterfaceOrientationPortrait UIInterfaceOrientationPortraitUpsideDown UIInterfaceOrientationLandscapeLeft UIInterfaceOrientationLandscapeRight";
				INFOPLIST_KEY_UISupportedInterfaceOrientations_iPhone = "UIInterfaceOrientationPortrait UIInterfaceOrientationLandscapeLeft UIInterfaceOrientationLandscapeRight";
				IPHONEOS_DEPLOYMENT_TARGET = 15.0;
				LD_RUNPATH_SEARCH_PATHS = (
					"$(inherited)",
					"@executable_path/Frameworks",
				);
				MARKETING_VERSION = 1.0;
				PRODUCT_BUNDLE_IDENTIFIER = "Editing-App.NewApp";
				PRODUCT_NAME = "$(TARGET_NAME)";
				SUPPORTED_PLATFORMS = "iphoneos iphonesimulator";
				SUPPORTS_MACCATALYST = NO;
				SUPPORTS_MAC_DESIGNED_FOR_IPHONE_IPAD = NO;
				SWIFT_EMIT_LOC_STRINGS = YES;
				SWIFT_VERSION = 5.0;
				TARGETED_DEVICE_FAMILY = 1;
			};
			name = Debug;
		};
		8BFC64FD2B0F1F4D001E5292 /* Release */ = {
			isa = XCBuildConfiguration;
			buildSettings = {
				ASSETCATALOG_COMPILER_APPICON_NAME = AppIcon;
				ASSETCATALOG_COMPILER_GLOBAL_ACCENT_COLOR_NAME = AccentColor;
				CODE_SIGN_STYLE = Automatic;
				CURRENT_PROJECT_VERSION = 1;
				DEVELOPMENT_TEAM = QH2M5GD5M5;
				GENERATE_INFOPLIST_FILE = YES;
				INFOPLIST_FILE = NewApp/Info.plist;
				INFOPLIST_KEY_UIApplicationSupportsIndirectInputEvents = YES;
				INFOPLIST_KEY_UILaunchStoryboardName = LaunchScreen;
				INFOPLIST_KEY_UIMainStoryboardFile = Main;
				INFOPLIST_KEY_UISupportedInterfaceOrientations_iPad = "UIInterfaceOrientationPortrait UIInterfaceOrientationPortraitUpsideDown UIInterfaceOrientationLandscapeLeft UIInterfaceOrientationLandscapeRight";
				INFOPLIST_KEY_UISupportedInterfaceOrientations_iPhone = "UIInterfaceOrientationPortrait UIInterfaceOrientationLandscapeLeft UIInterfaceOrientationLandscapeRight";
				IPHONEOS_DEPLOYMENT_TARGET = 15.0;
				LD_RUNPATH_SEARCH_PATHS = (
					"$(inherited)",
					"@executable_path/Frameworks",
				);
				MARKETING_VERSION = 1.0;
				PRODUCT_BUNDLE_IDENTIFIER = "Editing-App.NewApp";
				PRODUCT_NAME = "$(TARGET_NAME)";
				SUPPORTED_PLATFORMS = "iphoneos iphonesimulator";
				SUPPORTS_MACCATALYST = NO;
				SUPPORTS_MAC_DESIGNED_FOR_IPHONE_IPAD = NO;
				SWIFT_EMIT_LOC_STRINGS = YES;
				SWIFT_VERSION = 5.0;
				TARGETED_DEVICE_FAMILY = 1;
			};
			name = Release;
		};
		8BFC64FF2B0F1F4D001E5292 /* Debug */ = {
			isa = XCBuildConfiguration;
			buildSettings = {
				ALWAYS_EMBED_SWIFT_STANDARD_LIBRARIES = YES;
				BUNDLE_LOADER = "$(TEST_HOST)";
				CODE_SIGN_STYLE = Automatic;
				CURRENT_PROJECT_VERSION = 1;
				GENERATE_INFOPLIST_FILE = YES;
				IPHONEOS_DEPLOYMENT_TARGET = 16.2;
				MARKETING_VERSION = 1.0;
				PRODUCT_BUNDLE_IDENTIFIER = "Editing-App.NewAppTests";
				PRODUCT_NAME = "$(TARGET_NAME)";
				SWIFT_EMIT_LOC_STRINGS = NO;
				SWIFT_VERSION = 5.0;
				TARGETED_DEVICE_FAMILY = "1,2";
				TEST_HOST = "$(BUILT_PRODUCTS_DIR)/NewApp.app/$(BUNDLE_EXECUTABLE_FOLDER_PATH)/NewApp";
			};
			name = Debug;
		};
		8BFC65002B0F1F4D001E5292 /* Release */ = {
			isa = XCBuildConfiguration;
			buildSettings = {
				ALWAYS_EMBED_SWIFT_STANDARD_LIBRARIES = YES;
				BUNDLE_LOADER = "$(TEST_HOST)";
				CODE_SIGN_STYLE = Automatic;
				CURRENT_PROJECT_VERSION = 1;
				GENERATE_INFOPLIST_FILE = YES;
				IPHONEOS_DEPLOYMENT_TARGET = 16.2;
				MARKETING_VERSION = 1.0;
				PRODUCT_BUNDLE_IDENTIFIER = "Editing-App.NewAppTests";
				PRODUCT_NAME = "$(TARGET_NAME)";
				SWIFT_EMIT_LOC_STRINGS = NO;
				SWIFT_VERSION = 5.0;
				TARGETED_DEVICE_FAMILY = "1,2";
				TEST_HOST = "$(BUILT_PRODUCTS_DIR)/NewApp.app/$(BUNDLE_EXECUTABLE_FOLDER_PATH)/NewApp";
			};
			name = Release;
		};
		8BFC65022B0F1F4D001E5292 /* Debug */ = {
			isa = XCBuildConfiguration;
			buildSettings = {
				ALWAYS_EMBED_SWIFT_STANDARD_LIBRARIES = YES;
				CODE_SIGN_STYLE = Automatic;
				CURRENT_PROJECT_VERSION = 1;
				GENERATE_INFOPLIST_FILE = YES;
				MARKETING_VERSION = 1.0;
				PRODUCT_BUNDLE_IDENTIFIER = "Editing-App.NewAppUITests";
				PRODUCT_NAME = "$(TARGET_NAME)";
				SWIFT_EMIT_LOC_STRINGS = NO;
				SWIFT_VERSION = 5.0;
				TARGETED_DEVICE_FAMILY = "1,2";
				TEST_TARGET_NAME = NewApp;
			};
			name = Debug;
		};
		8BFC65032B0F1F4D001E5292 /* Release */ = {
			isa = XCBuildConfiguration;
			buildSettings = {
				ALWAYS_EMBED_SWIFT_STANDARD_LIBRARIES = YES;
				CODE_SIGN_STYLE = Automatic;
				CURRENT_PROJECT_VERSION = 1;
				GENERATE_INFOPLIST_FILE = YES;
				MARKETING_VERSION = 1.0;
				PRODUCT_BUNDLE_IDENTIFIER = "Editing-App.NewAppUITests";
				PRODUCT_NAME = "$(TARGET_NAME)";
				SWIFT_EMIT_LOC_STRINGS = NO;
				SWIFT_VERSION = 5.0;
				TARGETED_DEVICE_FAMILY = "1,2";
				TEST_TARGET_NAME = NewApp;
			};
			name = Release;
		};
/* End XCBuildConfiguration section */

/* Begin XCConfigurationList section */
		8BFC64CC2B0F1F4C001E5292 /* Build configuration list for PBXProject "NewApp" */ = {
			isa = XCConfigurationList;
			buildConfigurations = (
				8BFC64F92B0F1F4D001E5292 /* Debug */,
				8BFC64FA2B0F1F4D001E5292 /* Release */,
			);
			defaultConfigurationIsVisible = 0;
			defaultConfigurationName = Release;
		};
		8BFC64FB2B0F1F4D001E5292 /* Build configuration list for PBXNativeTarget "NewApp" */ = {
			isa = XCConfigurationList;
			buildConfigurations = (
				8BFC64FC2B0F1F4D001E5292 /* Debug */,
				8BFC64FD2B0F1F4D001E5292 /* Release */,
			);
			defaultConfigurationIsVisible = 0;
			defaultConfigurationName = Release;
		};
		8BFC64FE2B0F1F4D001E5292 /* Build configuration list for PBXNativeTarget "NewAppTests" */ = {
			isa = XCConfigurationList;
			buildConfigurations = (
				8BFC64FF2B0F1F4D001E5292 /* Debug */,
				8BFC65002B0F1F4D001E5292 /* Release */,
			);
			defaultConfigurationIsVisible = 0;
			defaultConfigurationName = Release;
		};
		8BFC65012B0F1F4D001E5292 /* Build configuration list for PBXNativeTarget "NewAppUITests" */ = {
			isa = XCConfigurationList;
			buildConfigurations = (
				8BFC65022B0F1F4D001E5292 /* Debug */,
				8BFC65032B0F1F4D001E5292 /* Release */,
			);
			defaultConfigurationIsVisible = 0;
			defaultConfigurationName = Release;
		};
/* End XCConfigurationList section */
	};
	rootObject = 8BFC64C92B0F1F4C001E5292 /* Project object */;
}
